// !$*UTF8*$!
{
	archiveVersion = 1;
	classes = {
	};
	objectVersion = 46;
	objects = {

/* Begin PBXBuildFile section */
		AF2E743916975A8700A0C7A5 /* Cocoa.framework in Frameworks */ = {isa = PBXBuildFile; fileRef = AF2E743816975A8700A0C7A5 /* Cocoa.framework */; };
		AF2E744316975A8700A0C7A5 /* InfoPlist.strings in Resources */ = {isa = PBXBuildFile; fileRef = AF2E744116975A8700A0C7A5 /* InfoPlist.strings */; };
		AF2E744516975A8700A0C7A5 /* main.m in Sources */ = {isa = PBXBuildFile; fileRef = AF2E744416975A8700A0C7A5 /* main.m */; };
		AF2E744916975A8700A0C7A5 /* Credits.rtf in Resources */ = {isa = PBXBuildFile; fileRef = AF2E744716975A8700A0C7A5 /* Credits.rtf */; };
		AF2E744C16975A8700A0C7A5 /* AppDelegate.m in Sources */ = {isa = PBXBuildFile; fileRef = AF2E744B16975A8700A0C7A5 /* AppDelegate.m */; };
/* End PBXBuildFile section */

/* Begin PBXFileReference section */
		AF2E743416975A8700A0C7A5 /* BezelStyle-Examples.app */ = {isa = PBXFileReference; explicitFileType = wrapper.application; includeInIndex = 0; path = "BezelStyle-Examples.app"; sourceTree = BUILT_PRODUCTS_DIR; };
		AF2E743816975A8700A0C7A5 /* Cocoa.framework */ = {isa = PBXFileReference; lastKnownFileType = wrapper.framework; name = Cocoa.framework; path = System/Library/Frameworks/Cocoa.framework; sourceTree = SDKROOT; };
		AF2E743B16975A8700A0C7A5 /* AppKit.framework */ = {isa = PBXFileReference; lastKnownFileType = wrapper.framework; name = AppKit.framework; path = System/Library/Frameworks/AppKit.framework; sourceTree = SDKROOT; };
		AF2E743C16975A8700A0C7A5 /* CoreData.framework */ = {isa = PBXFileReference; lastKnownFileType = wrapper.framework; name = CoreData.framework; path = System/Library/Frameworks/CoreData.framework; sourceTree = SDKROOT; };
		AF2E743D16975A8700A0C7A5 /* Foundation.framework */ = {isa = PBXFileReference; lastKnownFileType = wrapper.framework; name = Foundation.framework; path = System/Library/Frameworks/Foundation.framework; sourceTree = SDKROOT; };
		AF2E744016975A8700A0C7A5 /* BezelStyle-Examples-Info.plist */ = {isa = PBXFileReference; lastKnownFileType = text.plist.xml; path = "BezelStyle-Examples-Info.plist"; sourceTree = "<group>"; };
		AF2E744216975A8700A0C7A5 /* en */ = {isa = PBXFileReference; lastKnownFileType = text.plist.strings; name = en; path = en.lproj/InfoPlist.strings; sourceTree = "<group>"; };
		AF2E744416975A8700A0C7A5 /* main.m */ = {isa = PBXFileReference; lastKnownFileType = sourcecode.c.objc; path = main.m; sourceTree = "<group>"; };
		AF2E744616975A8700A0C7A5 /* BezelStyle-Examples-Prefix.pch */ = {isa = PBXFileReference; lastKnownFileType = sourcecode.c.h; path = "BezelStyle-Examples-Prefix.pch"; sourceTree = "<group>"; };
		AF2E744816975A8700A0C7A5 /* en */ = {isa = PBXFileReference; lastKnownFileType = text.rtf; name = en; path = en.lproj/Credits.rtf; sourceTree = "<group>"; };
		AF2E744A16975A8700A0C7A5 /* AppDelegate.h */ = {isa = PBXFileReference; lastKnownFileType = sourcecode.c.h; path = AppDelegate.h; sourceTree = "<group>"; };
		AF2E744B16975A8700A0C7A5 /* AppDelegate.m */ = {isa = PBXFileReference; lastKnownFileType = sourcecode.c.objc; path = AppDelegate.m; sourceTree = "<group>"; };
/* End PBXFileReference section */

/* Begin PBXFrameworksBuildPhase section */
		AF2E743116975A8700A0C7A5 /* Frameworks */ = {
			isa = PBXFrameworksBuildPhase;
			buildActionMask = 2147483647;
			files = (
				AF2E743916975A8700A0C7A5 /* Cocoa.framework in Frameworks */,
			);
			runOnlyForDeploymentPostprocessing = 0;
		};
/* End PBXFrameworksBuildPhase section */

/* Begin PBXGroup section */
		AF2E742916975A8700A0C7A5 = {
			isa = PBXGroup;
			children = (
				AF2E743E16975A8700A0C7A5 /* BezelStyle-Examples */,
				AF2E743716975A8700A0C7A5 /* Frameworks */,
				AF2E743516975A8700A0C7A5 /* Products */,
			);
			sourceTree = "<group>";
		};
		AF2E743516975A8700A0C7A5 /* Products */ = {
			isa = PBXGroup;
			children = (
				AF2E743416975A8700A0C7A5 /* BezelStyle-Examples.app */,
			);
			name = Products;
			sourceTree = "<group>";
		};
		AF2E743716975A8700A0C7A5 /* Frameworks */ = {
			isa = PBXGroup;
			children = (
				AF2E743816975A8700A0C7A5 /* Cocoa.framework */,
				AF2E743A16975A8700A0C7A5 /* Other Frameworks */,
			);
			name = Frameworks;
			sourceTree = "<group>";
		};
		AF2E743A16975A8700A0C7A5 /* Other Frameworks */ = {
			isa = PBXGroup;
			children = (
				AF2E743B16975A8700A0C7A5 /* AppKit.framework */,
				AF2E743C16975A8700A0C7A5 /* CoreData.framework */,
				AF2E743D16975A8700A0C7A5 /* Foundation.framework */,
			);
			name = "Other Frameworks";
			sourceTree = "<group>";
		};
		AF2E743E16975A8700A0C7A5 /* BezelStyle-Examples */ = {
			isa = PBXGroup;
			children = (
				AF2E744A16975A8700A0C7A5 /* AppDelegate.h */,
				AF2E744B16975A8700A0C7A5 /* AppDelegate.m */,
				AF2E743F16975A8700A0C7A5 /* Supporting Files */,
			);
			path = "BezelStyle-Examples";
			sourceTree = "<group>";
		};
		AF2E743F16975A8700A0C7A5 /* Supporting Files */ = {
			isa = PBXGroup;
			children = (
				AF2E744016975A8700A0C7A5 /* BezelStyle-Examples-Info.plist */,
				AF2E744116975A8700A0C7A5 /* InfoPlist.strings */,
				AF2E744416975A8700A0C7A5 /* main.m */,
				AF2E744616975A8700A0C7A5 /* BezelStyle-Examples-Prefix.pch */,
				AF2E744716975A8700A0C7A5 /* Credits.rtf */,
			);
			name = "Supporting Files";
			sourceTree = "<group>";
		};
/* End PBXGroup section */

/* Begin PBXNativeTarget section */
		AF2E743316975A8700A0C7A5 /* BezelStyle-Examples */ = {
			isa = PBXNativeTarget;
			buildConfigurationList = AF2E745216975A8800A0C7A5 /* Build configuration list for PBXNativeTarget "BezelStyle-Examples" */;
			buildPhases = (
				AF2E743016975A8700A0C7A5 /* Sources */,
				AF2E743116975A8700A0C7A5 /* Frameworks */,
				AF2E743216975A8700A0C7A5 /* Resources */,
			);
			buildRules = (
			);
			dependencies = (
			);
			name = "BezelStyle-Examples";
			productName = "BezelStyle-Examples";
			productReference = AF2E743416975A8700A0C7A5 /* BezelStyle-Examples.app */;
			productType = "com.apple.product-type.application";
		};
/* End PBXNativeTarget section */

/* Begin PBXProject section */
		AF2E742B16975A8700A0C7A5 /* Project object */ = {
			isa = PBXProject;
			attributes = {
				LastUpgradeCheck = 0450;
				ORGANIZATIONNAME = "Kurilo Dmitry";
			};
			buildConfigurationList = AF2E742E16975A8700A0C7A5 /* Build configuration list for PBXProject "BezelStyle-Examples" */;
			compatibilityVersion = "Xcode 3.2";
			developmentRegion = English;
			hasScannedForEncodings = 0;
			knownRegions = (
				en,
			);
			mainGroup = AF2E742916975A8700A0C7A5;
			productRefGroup = AF2E743516975A8700A0C7A5 /* Products */;
			projectDirPath = "";
			projectRoot = "";
			targets = (
				AF2E743316975A8700A0C7A5 /* BezelStyle-Examples */,
			);
		};
/* End PBXProject section */

/* Begin PBXResourcesBuildPhase section */
		AF2E743216975A8700A0C7A5 /* Resources */ = {
			isa = PBXResourcesBuildPhase;
			buildActionMask = 2147483647;
			files = (
				AF2E744316975A8700A0C7A5 /* InfoPlist.strings in Resources */,
				AF2E744916975A8700A0C7A5 /* Credits.rtf in Resources */,
			);
			runOnlyForDeploymentPostprocessing = 0;
		};
/* End PBXResourcesBuildPhase section */

/* Begin PBXSourcesBuildPhase section */
		AF2E743016975A8700A0C7A5 /* Sources */ = {
			isa = PBXSourcesBuildPhase;
			buildActionMask = 2147483647;
			files = (
				AF2E744516975A8700A0C7A5 /* main.m in Sources */,
				AF2E744C16975A8700A0C7A5 /* AppDelegate.m in Sources */,
			);
			runOnlyForDeploymentPostprocessing = 0;
		};
/* End PBXSourcesBuildPhase section */

/* Begin PBXVariantGroup section */
		AF2E744116975A8700A0C7A5 /* InfoPlist.strings */ = {
			isa = PBXVariantGroup;
			children = (
				AF2E744216975A8700A0C7A5 /* en */,
			);
			name = InfoPlist.strings;
			sourceTree = "<group>";
		};
		AF2E744716975A8700A0C7A5 /* Credits.rtf */ = {
			isa = PBXVariantGroup;
			children = (
				AF2E744816975A8700A0C7A5 /* en */,
			);
			name = Credits.rtf;
			sourceTree = "<group>";
		};
/* End PBXVariantGroup section */

/* Begin XCBuildConfiguration section */
		AF2E745016975A8800A0C7A5 /* Debug */ = {
			isa = XCBuildConfiguration;
			buildSettings = {
				ALWAYS_SEARCH_USER_PATHS = NO;
				ARCHS = "$(ARCHS_STANDARD_64_BIT)";
				CLANG_CXX_LANGUAGE_STANDARD = "gnu++0x";
				CLANG_CXX_LIBRARY = "libc++";
				CLANG_WARN_EMPTY_BODY = YES;
				CLANG_WARN__DUPLICATE_METHOD_MATCH = YES;
				COPY_PHASE_STRIP = NO;
				GCC_C_LANGUAGE_STANDARD = gnu99;
				GCC_DYNAMIC_NO_PIC = NO;
				GCC_ENABLE_OBJC_EXCEPTIONS = YES;
				GCC_OPTIMIZATION_LEVEL = 0;
				GCC_PREPROCESSOR_DEFINITIONS = (
					"DEBUG=1",
					"$(inherited)",
				);
				GCC_SYMBOLS_PRIVATE_EXTERN = NO;
				GCC_WARN_64_TO_32_BIT_CONVERSION = YES;
				GCC_WARN_ABOUT_RETURN_TYPE = YES;
				GCC_WARN_UNINITIALIZED_AUTOS = YES;
				GCC_WARN_UNUSED_VARIABLE = YES;
				MACOSX_DEPLOYMENT_TARGET = 10.6;
				ONLY_ACTIVE_ARCH = YES;
				SDKROOT = macosx;
			};
			name = Debug;
		};
		AF2E745116975A8800A0C7A5 /* Release */ = {
			isa = XCBuildConfiguration;
			buildSettings = {
				ALWAYS_SEARCH_USER_PATHS = NO;
				ARCHS = "$(ARCHS_STANDARD_64_BIT)";
				CLANG_CXX_LANGUAGE_STANDARD = "gnu++0x";
				CLANG_CXX_LIBRARY = "libc++";
				CLANG_WARN_EMPTY_BODY = YES;
				CLANG_WARN__DUPLICATE_METHOD_MATCH = YES;
				COPY_PHASE_STRIP = YES;
				DEBUG_INFORMATION_FORMAT = "dwarf-with-dsym";
				GCC_C_LANGUAGE_STANDARD = gnu99;
				GCC_ENABLE_OBJC_EXCEPTIONS = YES;
				GCC_WARN_64_TO_32_BIT_CONVERSION = YES;
				GCC_WARN_ABOUT_RETURN_TYPE = YES;
				GCC_WARN_UNINITIALIZED_AUTOS = YES;
				GCC_WARN_UNUSED_VARIABLE = YES;
				MACOSX_DEPLOYMENT_TARGET = 10.6;
				SDKROOT = macosx;
			};
			name = Release;
		};
		AF2E745316975A8800A0C7A5 /* Debug */ = {
			isa = XCBuildConfiguration;
			buildSettings = {
				COMBINE_HIDPI_IMAGES = YES;
				GCC_PRECOMPILE_PREFIX_HEADER = YES;
				GCC_PREFIX_HEADER = "BezelStyle-Examples/BezelStyle-Examples-Prefix.pch";
				INFOPLIST_FILE = "BezelStyle-Examples/BezelStyle-Examples-Info.plist";
				MACOSX_DEPLOYMENT_TARGET = 10.6;
				PRODUCT_NAME = "$(TARGET_NAME)";
				WRAPPER_EXTENSION = app;
			};
			name = Debug;
		};
		AF2E745416975A8800A0C7A5 /* Release */ = {
			isa = XCBuildConfiguration;
			buildSettings = {
				COMBINE_HIDPI_IMAGES = YES;
				GCC_PRECOMPILE_PREFIX_HEADER = YES;
				GCC_PREFIX_HEADER = "BezelStyle-Examples/BezelStyle-Examples-Prefix.pch";
				INFOPLIST_FILE = "BezelStyle-Examples/BezelStyle-Examples-Info.plist";
				MACOSX_DEPLOYMENT_TARGET = 10.6;
				PRODUCT_NAME = "$(TARGET_NAME)";
				WRAPPER_EXTENSION = app;
			};
			name = Release;
		};
/* End XCBuildConfiguration section */

/* Begin XCConfigurationList section */
		AF2E742E16975A8700A0C7A5 /* Build configuration list for PBXProject "BezelStyle-Examples" */ = {
			isa = XCConfigurationList;
			buildConfigurations = (
				AF2E745016975A8800A0C7A5 /* Debug */,
				AF2E745116975A8800A0C7A5 /* Release */,
			);
			defaultConfigurationIsVisible = 0;
			defaultConfigurationName = Release;
		};
		AF2E745216975A8800A0C7A5 /* Build configuration list for PBXNativeTarget "BezelStyle-Examples" */ = {
			isa = XCConfigurationList;
			buildConfigurations = (
				AF2E745316975A8800A0C7A5 /* Debug */,
				AF2E745416975A8800A0C7A5 /* Release */,
			);
			defaultConfigurationIsVisible = 0;
		};
/* End XCConfigurationList section */
	};
	rootObject = AF2E742B16975A8700A0C7A5 /* Project object */;
}
